
Microsoft Visual Studio Solution File, Format Version 12.00
# Visual Studio Version 16
VisualStudioVersion = 16.0.29123.88
MinimumVisualStudioVersion = 10.0.40219.1
Project("{FAE04EC0-301F-11D3-BF4B-00C04F79EFBC}") = "HyddwnLauncher", "HyddwnLauncher\HyddwnLauncher.csproj", "{8926B69E-56A4-4C27-A73C-E88DE0A2F0C0}"
EndProject
Project("{FAE04EC0-301F-11D3-BF4B-00C04F79EFBC}") = "HyddwnUpdater", "HyddwnUpdater\HyddwnUpdater.csproj", "{39F71E88-1285-48F1-9228-F14823EEBC99}"
EndProject
Project("{FAE04EC0-301F-11D3-BF4B-00C04F79EFBC}") = "HyddwnLauncher.Extensibility", "HyddwnLauncher.Extensibility\HyddwnLauncher.Extensibility.csproj", "{FC944C15-6479-444A-8FA5-00A967DD0600}"
EndProject
Project("{2150E333-8FDC-42A3-9474-1A3956D46DE8}") = "Plugins", "Plugins", "{5AB5CA7D-141F-41A1-9093-DFA1E3D7E2B8}"
EndProject
Project("{FAE04EC0-301F-11D3-BF4B-00C04F79EFBC}") = "HyddwnLauncher.UOTiara", "Plugins\HyddwnLauncher.UOTiara\HyddwnLauncher.UOTiara.csproj", "{31E3135D-8853-4F12-A006-D70DCD4AE505}"
EndProject
Project("{FAE04EC0-301F-11D3-BF4B-00C04F79EFBC}") = "HyddwnLauncher.PackOps", "Plugins\HyddwnLauncher.PackOps\HyddwnLauncher.PackOps.csproj", "{BE702FD8-4B42-4124-87A2-FCA1680E26DA}"
EndProject
Project("{2150E333-8FDC-42A3-9474-1A3956D46DE8}") = "UOTiara", "UOTiara", "{EF92CC83-B7B1-4E09-B0B8-F81ED85BD2AB}"
EndProject
Project("{2150E333-8FDC-42A3-9474-1A3956D46DE8}") = "PackOps", "PackOps", "{8DD1C3BE-5FBF-461D-B6B2-876BD568CC23}"
EndProject
Project("{FAE04EC0-301F-11D3-BF4B-00C04F79EFBC}") = "HyddwnLauncher.Tests", "HyddwnLauncher.Tests\HyddwnLauncher.Tests.csproj", "{67E2BDD8-46E7-4C42-8682-242FAC9CAB3F}"
EndProject
Project("{2150E333-8FDC-42A3-9474-1A3956D46DE8}") = "ExamplePlugin", "ExamplePlugin", "{3FA30B71-7540-4BC7-8336-EA1DCB8BD3E4}"
EndProject
Project("{FAE04EC0-301F-11D3-BF4B-00C04F79EFBC}") = "ExamplePlugin", "ExamplePlugin\ExamplePlugin.csproj", "{E0D0EF1E-0BB1-4E07-99B1-333FF408DE55}"
EndProject
Global
	GlobalSection(SolutionConfigurationPlatforms) = preSolution
		Debug|Any CPU = Debug|Any CPU
		Debug|x86 = Debug|x86
		Release|Any CPU = Release|Any CPU
		Release|x86 = Release|x86
	EndGlobalSection
	GlobalSection(ProjectConfigurationPlatforms) = postSolution
		{8926B69E-56A4-4C27-A73C-E88DE0A2F0C0}.Debug|Any CPU.ActiveCfg = Debug|Any CPU
		{8926B69E-56A4-4C27-A73C-E88DE0A2F0C0}.Debug|Any CPU.Build.0 = Debug|Any CPU
		{8926B69E-56A4-4C27-A73C-E88DE0A2F0C0}.Debug|x86.ActiveCfg = Debug|x86
		{8926B69E-56A4-4C27-A73C-E88DE0A2F0C0}.Debug|x86.Build.0 = Debug|x86
		{8926B69E-56A4-4C27-A73C-E88DE0A2F0C0}.Release|Any CPU.ActiveCfg = Release|Any CPU
		{8926B69E-56A4-4C27-A73C-E88DE0A2F0C0}.Release|Any CPU.Build.0 = Release|Any CPU
		{8926B69E-56A4-4C27-A73C-E88DE0A2F0C0}.Release|x86.ActiveCfg = Release|x86
		{8926B69E-56A4-4C27-A73C-E88DE0A2F0C0}.Release|x86.Build.0 = Release|x86
		{39F71E88-1285-48F1-9228-F14823EEBC99}.Debug|Any CPU.ActiveCfg = Debug|Any CPU
		{39F71E88-1285-48F1-9228-F14823EEBC99}.Debug|Any CPU.Build.0 = Debug|Any CPU
		{39F71E88-1285-48F1-9228-F14823EEBC99}.Debug|x86.ActiveCfg = Debug|Any CPU
		{39F71E88-1285-48F1-9228-F14823EEBC99}.Debug|x86.Build.0 = Debug|Any CPU
		{39F71E88-1285-48F1-9228-F14823EEBC99}.Release|Any CPU.ActiveCfg = Release|Any CPU
		{39F71E88-1285-48F1-9228-F14823EEBC99}.Release|Any CPU.Build.0 = Release|Any CPU
		{39F71E88-1285-48F1-9228-F14823EEBC99}.Release|x86.ActiveCfg = Release|Any CPU
		{39F71E88-1285-48F1-9228-F14823EEBC99}.Release|x86.Build.0 = Release|Any CPU
		{FC944C15-6479-444A-8FA5-00A967DD0600}.Debug|Any CPU.ActiveCfg = Debug|Any CPU
		{FC944C15-6479-444A-8FA5-00A967DD0600}.Debug|Any CPU.Build.0 = Debug|Any CPU
		{FC944C15-6479-444A-8FA5-00A967DD0600}.Debug|x86.ActiveCfg = Debug|Any CPU
		{FC944C15-6479-444A-8FA5-00A967DD0600}.Debug|x86.Build.0 = Debug|Any CPU
		{FC944C15-6479-444A-8FA5-00A967DD0600}.Release|Any CPU.ActiveCfg = Release|Any CPU
		{FC944C15-6479-444A-8FA5-00A967DD0600}.Release|Any CPU.Build.0 = Release|Any CPU
		{FC944C15-6479-444A-8FA5-00A967DD0600}.Release|x86.ActiveCfg = Release|Any CPU
		{FC944C15-6479-444A-8FA5-00A967DD0600}.Release|x86.Build.0 = Release|Any CPU
		{31E3135D-8853-4F12-A006-D70DCD4AE505}.Debug|Any CPU.ActiveCfg = Debug|Any CPU
		{31E3135D-8853-4F12-A006-D70DCD4AE505}.Debug|Any CPU.Build.0 = Debug|Any CPU
		{31E3135D-8853-4F12-A006-D70DCD4AE505}.Debug|x86.ActiveCfg = Debug|Any CPU
		{31E3135D-8853-4F12-A006-D70DCD4AE505}.Debug|x86.Build.0 = Debug|Any CPU
		{31E3135D-8853-4F12-A006-D70DCD4AE505}.Release|Any CPU.ActiveCfg = Release|Any CPU
		{31E3135D-8853-4F12-A006-D70DCD4AE505}.Release|Any CPU.Build.0 = Release|Any CPU
		{31E3135D-8853-4F12-A006-D70DCD4AE505}.Release|x86.ActiveCfg = Release|Any CPU
		{31E3135D-8853-4F12-A006-D70DCD4AE505}.Release|x86.Build.0 = Release|Any CPU
		{BE702FD8-4B42-4124-87A2-FCA1680E26DA}.Debug|Any CPU.ActiveCfg = Debug|Any CPU
		{BE702FD8-4B42-4124-87A2-FCA1680E26DA}.Debug|Any CPU.Build.0 = Debug|Any CPU
		{BE702FD8-4B42-4124-87A2-FCA1680E26DA}.Debug|x86.ActiveCfg = Debug|Any CPU
		{BE702FD8-4B42-4124-87A2-FCA1680E26DA}.Debug|x86.Build.0 = Debug|Any CPU
		{BE702FD8-4B42-4124-87A2-FCA1680E26DA}.Release|Any CPU.ActiveCfg = Release|Any CPU
		{BE702FD8-4B42-4124-87A2-FCA1680E26DA}.Release|Any CPU.Build.0 = Release|Any CPU
		{BE702FD8-4B42-4124-87A2-FCA1680E26DA}.Release|x86.ActiveCfg = Release|Any CPU
		{BE702FD8-4B42-4124-87A2-FCA1680E26DA}.Release|x86.Build.0 = Release|Any CPU
		{67E2BDD8-46E7-4C42-8682-242FAC9CAB3F}.Debug|Any CPU.ActiveCfg = Debug|Any CPU
		{67E2BDD8-46E7-4C42-8682-242FAC9CAB3F}.Debug|Any CPU.Build.0 = Debug|Any CPU
		{67E2BDD8-46E7-4C42-8682-242FAC9CAB3F}.Debug|x86.ActiveCfg = Debug|Any CPU
		{67E2BDD8-46E7-4C42-8682-242FAC9CAB3F}.Debug|x86.Build.0 = Debug|Any CPU
		{67E2BDD8-46E7-4C42-8682-242FAC9CAB3F}.Release|Any CPU.ActiveCfg = Release|Any CPU
		{67E2BDD8-46E7-4C42-8682-242FAC9CAB3F}.Release|Any CPU.Build.0 = Release|Any CPU
		{67E2BDD8-46E7-4C42-8682-242FAC9CAB3F}.Release|x86.ActiveCfg = Release|Any CPU
		{67E2BDD8-46E7-4C42-8682-242FAC9CAB3F}.Release|x86.Build.0 = Release|Any CPU
		{E0D0EF1E-0BB1-4E07-99B1-333FF408DE55}.Debug|Any CPU.ActiveCfg = Debug|Any CPU
		{E0D0EF1E-0BB1-4E07-99B1-333FF408DE55}.Debug|Any CPU.Build.0 = Debug|Any CPU
		{E0D0EF1E-0BB1-4E07-99B1-333FF408DE55}.Debug|x86.ActiveCfg = Debug|Any CPU
		{E0D0EF1E-0BB1-4E07-99B1-333FF408DE55}.Debug|x86.Build.0 = Debug|Any CPU
		{E0D0EF1E-0BB1-4E07-99B1-333FF408DE55}.Release|Any CPU.ActiveCfg = Release|Any CPU
		{E0D0EF1E-0BB1-4E07-99B1-333FF408DE55}.Release|Any CPU.Build.0 = Release|Any CPU
		{E0D0EF1E-0BB1-4E07-99B1-333FF408DE55}.Release|x86.ActiveCfg = Release|Any CPU
		{E0D0EF1E-0BB1-4E07-99B1-333FF408DE55}.Release|x86.Build.0 = Release|Any CPU
	EndGlobalSection
	GlobalSection(SolutionProperties) = preSolution
		HideSolutionNode = FALSE
	EndGlobalSection
	GlobalSection(NestedProjects) = preSolution
		{31E3135D-8853-4F12-A006-D70DCD4AE505} = {EF92CC83-B7B1-4E09-B0B8-F81ED85BD2AB}
		{BE702FD8-4B42-4124-87A2-FCA1680E26DA} = {8DD1C3BE-5FBF-461D-B6B2-876BD568CC23}
		{EF92CC83-B7B1-4E09-B0B8-F81ED85BD2AB} = {5AB5CA7D-141F-41A1-9093-DFA1E3D7E2B8}
		{8DD1C3BE-5FBF-461D-B6B2-876BD568CC23} = {5AB5CA7D-141F-41A1-9093-DFA1E3D7E2B8}
		{3FA30B71-7540-4BC7-8336-EA1DCB8BD3E4} = {5AB5CA7D-141F-41A1-9093-DFA1E3D7E2B8}
		{E0D0EF1E-0BB1-4E07-99B1-333FF408DE55} = {3FA30B71-7540-4BC7-8336-EA1DCB8BD3E4}
	EndGlobalSection
	GlobalSection(ExtensibilityGlobals) = postSolution
		BuildVersion_StartDate = 2000/1/1
		SolutionGuid = {75A841F6-F768-4ECE-B1A4-AAB71186AB7C}
	EndGlobalSection
EndGlobal
